#
# This file is autogenerated by pip-compile with Python 3.12
# by the following command:
#
#    pip-compile --output-file=requirements.lock --strip-extras requirements.txt
#
annotated-types==0.7.0
    # via pydantic
beautifulsoup4==4.14.3
    # via -r requirements.txt
charset-normalizer==3.4.7
    # via
    #   -r requirements.txt
    #   reportlab
darkdetect==0.8.0
    # via pyside6-fluent-widgets
ebooklib==0.20
    # via -r requirements.txt
lxml==6.1.1
    # via
    #   -r requirements.txt
    #   ebooklib
    #   python-docx
pillow==12.2.0
    # via
    #   -r requirements.txt
    #   reportlab
pydantic==2.13.4
    # via -r requirements.txt
pydantic-core==2.46.4
    # via pydantic
pyside6==6.11.1
    # via
    #   -r requirements.txt
    #   pyside6-fluent-widgets
pyside6-addons==6.11.1
    # via pyside6
pyside6-essentials==6.11.1
    # via
    #   pyside6
    #   pyside6-addons
pyside6-fluent-widgets==1.11.2
    # via -r requirements.txt
pysidesix-frameless-window==0.8.1
    # via pyside6-fluent-widgets
python-docx==1.2.0
    # via -r requirements.txt
pywin32==311
    # via pysidesix-frameless-window
pyyaml==6.0.3
    # via -r requirements.txt
reportlab==4.5.1
    # via -r requirements.txt
shiboken6==6.11.1
    # via
    #   pyside6
    #   pyside6-addons
    #   pyside6-essentials
six==1.17.0
    # via ebooklib
soupsieve==2.8.3
    # via beautifulsoup4
typing-extensions==4.15.0
    # via
    #   beautifulsoup4
    #   pydantic
    #   pydantic-core
    #   python-docx
    #   typing-inspection
typing-inspection==0.4.2
    # via pydantic
